{
  "name": "follow-through",
  "version": "1.0.0",
  "lockfileVersion": 1,
  "dependencies": {
    "jquery": {
      "version": "3.2.1",
      "resolved": "https://registry.npmjs.org/jquery/-/jquery-3.2.1.tgz",
      "integrity": "sha1-XE2d5lKvbNCncBVKYxu6ErAVx4c="
    },
    "semantic-ui-css": {
      "version": "2.2.10",
      "resolved": "https://registry.npmjs.org/semantic-ui-css/-/semantic-ui-css-2.2.10.tgz",
      "integrity": "sha1-+PRHDb7/yg8PP/T7caNcceiK2Jw="
    }
  }
}
